
Microsoft Visual Studio Solution File, Format Version 12.00
# Visual Studio Version 17
VisualStudioVersion = 17.4.33213.308
MinimumVisualStudioVersion = 10.0.40219.1
Project("{FAE04EC0-301F-11D3-BF4B-00C04F79EFBC}") = "GettingStarted.Server", "Server\GettingStarted.Server.csproj", "{C5FFB1E0-655F-459E-AB5B-CE50CD6AB16B}"
EndProject
Project("{FAE04EC0-301F-11D3-BF4B-00C04F79EFBC}") = "GettingStarted.Client", "Client\GettingStarted.Client.csproj", "{B1D8A795-A777-4302-AE58-613A6FD5101B}"
EndProject
Project("{FAE04EC0-301F-11D3-BF4B-00C04F79EFBC}") = "GettingStarted.Shared", "Shared\GettingStarted.Shared.csproj", "{A8F2A343-4DA3-47D8-8C8A-7D489099F902}"
EndProject
Global
	GlobalSection(SolutionConfigurationPlatforms) = preSolution
		Debug|Any CPU = Debug|Any CPU
		Release|Any CPU = Release|Any CPU
	EndGlobalSection
	GlobalSection(ProjectConfigurationPlatforms) = postSolution
		{C5FFB1E0-655F-459E-AB5B-CE50CD6AB16B}.Debug|Any CPU.ActiveCfg = Debug|Any CPU
		{C5FFB1E0-655F-459E-AB5B-CE50CD6AB16B}.Debug|Any CPU.Build.0 = Debug|Any CPU
		{C5FFB1E0-655F-459E-AB5B-CE50CD6AB16B}.Release|Any CPU.ActiveCfg = Release|Any CPU
		{C5FFB1E0-655F-459E-AB5B-CE50CD6AB16B}.Release|Any CPU.Build.0 = Release|Any CPU
		{B1D8A795-A777-4302-AE58-613A6FD5101B}.Debug|Any CPU.ActiveCfg = Debug|Any CPU
		{B1D8A795-A777-4302-AE58-613A6FD5101B}.Debug|Any CPU.Build.0 = Debug|Any CPU
		{B1D8A795-A777-4302-AE58-613A6FD5101B}.Release|Any CPU.ActiveCfg = Release|Any CPU
		{B1D8A795-A777-4302-AE58-613A6FD5101B}.Release|Any CPU.Build.0 = Release|Any CPU
		{A8F2A343-4DA3-47D8-8C8A-7D489099F902}.Debug|Any CPU.ActiveCfg = Debug|Any CPU
		{A8F2A343-4DA3-47D8-8C8A-7D489099F902}.Debug|Any CPU.Build.0 = Debug|Any CPU
		{A8F2A343-4DA3-47D8-8C8A-7D489099F902}.Release|Any CPU.ActiveCfg = Release|Any CPU
		{A8F2A343-4DA3-47D8-8C8A-7D489099F902}.Release|Any CPU.Build.0 = Release|Any CPU
	EndGlobalSection
	GlobalSection(SolutionProperties) = preSolution
		HideSolutionNode = FALSE
	EndGlobalSection
	GlobalSection(ExtensibilityGlobals) = postSolution
		SolutionGuid = {2AD6D677-26FD-4A8D-9251-DEDD1467F8F1}
	EndGlobalSection
EndGlobal
